
Microsoft Visual Studio Solution File, Format Version 12.00
# Visual Studio Version 17
VisualStudioVersion = 17.6.33829.357
MinimumVisualStudioVersion = 10.0.40219.1
Project("{FAE04EC0-301F-11D3-BF4B-00C04F79EFBC}") = "Junior School Evaluation Application", "Junior School Evaluation Application\Junior School Evaluation Application.csproj", "{596A6407-16FA-4972-9143-F881966D589C}"
EndProject
Global
	GlobalSection(SolutionConfigurationPlatforms) = preSolution
		Debug|Any CPU = Debug|Any CPU
		Release|Any CPU = Release|Any CPU
	EndGlobalSection
	GlobalSection(ProjectConfigurationPlatforms) = postSolution
		{596A6407-16FA-4972-9143-F881966D589C}.Debug|Any CPU.ActiveCfg = Debug|Any CPU
		{596A6407-16FA-4972-9143-F881966D589C}.Debug|Any CPU.Build.0 = Debug|Any CPU
		{596A6407-16FA-4972-9143-F881966D589C}.Release|Any CPU.ActiveCfg = Release|Any CPU
		{596A6407-16FA-4972-9143-F881966D589C}.Release|Any CPU.Build.0 = Release|Any CPU
	EndGlobalSection
	GlobalSection(SolutionProperties) = preSolution
		HideSolutionNode = FALSE
	EndGlobalSection
	GlobalSection(ExtensibilityGlobals) = postSolution
		SolutionGuid = {5A42BD04-D214-42C4-94E7-64B459CB812A}
	EndGlobalSection
EndGlobal
